
Microsoft Visual Studio Solution File, Format Version 12.00
# Visual Studio Version 17
VisualStudioVersion = 17.0.31903.59
MinimumVisualStudioVersion = 10.0.40219.1
Project("{FAE04EC0-301F-11D3-BF4B-00C04F79EFBC}") = "Kontent.Ai.Sync.Abstractions", "Kontent.Ai.Sync.Abstractions\Kontent.Ai.Sync.Abstractions.csproj", "{BFB58C30-EFED-40A6-8924-9CAD356D5124}"
EndProject
Project("{FAE04EC0-301F-11D3-BF4B-00C04F79EFBC}") = "Kontent.Ai.Sync", "Kontent.Ai.Sync\Kontent.Ai.Sync.csproj", "{1B641EB7-95DD-4E2F-9A28-BB98D73DCF7F}"
EndProject
Project("{FAE04EC0-301F-11D3-BF4B-00C04F79EFBC}") = "Kontent.Ai.Sync.Tests", "Kontent.Ai.Sync.Tests\Kontent.Ai.Sync.Tests.csproj", "{156A9DCB-FCDC-4828-A9B2-E9A0D0358627}"
EndProject
Global
	GlobalSection(SolutionConfigurationPlatforms) = preSolution
		Debug|Any CPU = Debug|Any CPU
		Debug|x64 = Debug|x64
		Debug|x86 = Debug|x86
		Release|Any CPU = Release|Any CPU
		Release|x64 = Release|x64
		Release|x86 = Release|x86
	EndGlobalSection
	GlobalSection(ProjectConfigurationPlatforms) = postSolution
		{BFB58C30-EFED-40A6-8924-9CAD356D5124}.Debug|Any CPU.ActiveCfg = Debug|Any CPU
		{BFB58C30-EFED-40A6-8924-9CAD356D5124}.Debug|Any CPU.Build.0 = Debug|Any CPU
		{BFB58C30-EFED-40A6-8924-9CAD356D5124}.Debug|x64.ActiveCfg = Debug|Any CPU
		{BFB58C30-EFED-40A6-8924-9CAD356D5124}.Debug|x64.Build.0 = Debug|Any CPU
		{BFB58C30-EFED-40A6-8924-9CAD356D5124}.Debug|x86.ActiveCfg = Debug|Any CPU
		{BFB58C30-EFED-40A6-8924-9CAD356D5124}.Debug|x86.Build.0 = Debug|Any CPU
		{BFB58C30-EFED-40A6-8924-9CAD356D5124}.Release|Any CPU.ActiveCfg = Release|Any CPU
		{BFB58C30-EFED-40A6-8924-9CAD356D5124}.Release|Any CPU.Build.0 = Release|Any CPU
		{BFB58C30-EFED-40A6-8924-9CAD356D5124}.Release|x64.ActiveCfg = Release|Any CPU
		{BFB58C30-EFED-40A6-8924-9CAD356D5124}.Release|x64.Build.0 = Release|Any CPU
		{BFB58C30-EFED-40A6-8924-9CAD356D5124}.Release|x86.ActiveCfg = Release|Any CPU
		{BFB58C30-EFED-40A6-8924-9CAD356D5124}.Release|x86.Build.0 = Release|Any CPU
		{1B641EB7-95DD-4E2F-9A28-BB98D73DCF7F}.Debug|Any CPU.ActiveCfg = Debug|Any CPU
		{1B641EB7-95DD-4E2F-9A28-BB98D73DCF7F}.Debug|Any CPU.Build.0 = Debug|Any CPU
		{1B641EB7-95DD-4E2F-9A28-BB98D73DCF7F}.Debug|x64.ActiveCfg = Debug|Any CPU
		{1B641EB7-95DD-4E2F-9A28-BB98D73DCF7F}.Debug|x64.Build.0 = Debug|Any CPU
		{1B641EB7-95DD-4E2F-9A28-BB98D73DCF7F}.Debug|x86.ActiveCfg = Debug|Any CPU
		{1B641EB7-95DD-4E2F-9A28-BB98D73DCF7F}.Debug|x86.Build.0 = Debug|Any CPU
		{1B641EB7-95DD-4E2F-9A28-BB98D73DCF7F}.Release|Any CPU.ActiveCfg = Release|Any CPU
		{1B641EB7-95DD-4E2F-9A28-BB98D73DCF7F}.Release|Any CPU.Build.0 = Release|Any CPU
		{1B641EB7-95DD-4E2F-9A28-BB98D73DCF7F}.Release|x64.ActiveCfg = Release|Any CPU
		{1B641EB7-95DD-4E2F-9A28-BB98D73DCF7F}.Release|x64.Build.0 = Release|Any CPU
		{1B641EB7-95DD-4E2F-9A28-BB98D73DCF7F}.Release|x86.ActiveCfg = Release|Any CPU
		{1B641EB7-95DD-4E2F-9A28-BB98D73DCF7F}.Release|x86.Build.0 = Release|Any CPU
		{156A9DCB-FCDC-4828-A9B2-E9A0D0358627}.Debug|Any CPU.ActiveCfg = Debug|Any CPU
		{156A9DCB-FCDC-4828-A9B2-E9A0D0358627}.Debug|Any CPU.Build.0 = Debug|Any CPU
		{156A9DCB-FCDC-4828-A9B2-E9A0D0358627}.Debug|x64.ActiveCfg = Debug|Any CPU
		{156A9DCB-FCDC-4828-A9B2-E9A0D0358627}.Debug|x64.Build.0 = Debug|Any CPU
		{156A9DCB-FCDC-4828-A9B2-E9A0D0358627}.Debug|x86.ActiveCfg = Debug|Any CPU
		{156A9DCB-FCDC-4828-A9B2-E9A0D0358627}.Debug|x86.Build.0 = Debug|Any CPU
		{156A9DCB-FCDC-4828-A9B2-E9A0D0358627}.Release|Any CPU.ActiveCfg = Release|Any CPU
		{156A9DCB-FCDC-4828-A9B2-E9A0D0358627}.Release|Any CPU.Build.0 = Release|Any CPU
		{156A9DCB-FCDC-4828-A9B2-E9A0D0358627}.Release|x64.ActiveCfg = Release|Any CPU
		{156A9DCB-FCDC-4828-A9B2-E9A0D0358627}.Release|x64.Build.0 = Release|Any CPU
		{156A9DCB-FCDC-4828-A9B2-E9A0D0358627}.Release|x86.ActiveCfg = Release|Any CPU
		{156A9DCB-FCDC-4828-A9B2-E9A0D0358627}.Release|x86.Build.0 = Release|Any CPU
	EndGlobalSection
	GlobalSection(SolutionProperties) = preSolution
		HideSolutionNode = FALSE
	EndGlobalSection
EndGlobal
